
Microsoft Visual Studio Solution File, Format Version 12.00
# Visual Studio Version 16
VisualStudioVersion = 16.0.31911.196
MinimumVisualStudioVersion = 10.0.40219.1
Project("{FAE04EC0-301F-11D3-BF4B-00C04F79EFBC}") = "AtmSystem", "AtmSystem\AtmSystem.csproj", "{ABBEAC01-8949-42C8-BFB6-925086354942}"
EndProject
Global
	GlobalSection(SolutionConfigurationPlatforms) = preSolution
		Debug|Any CPU = Debug|Any CPU
		Release|Any CPU = Release|Any CPU
	EndGlobalSection
	GlobalSection(ProjectConfigurationPlatforms) = postSolution
		{ABBEAC01-8949-42C8-BFB6-925086354942}.Debug|Any CPU.ActiveCfg = Debug|Any CPU
		{ABBEAC01-8949-42C8-BFB6-925086354942}.Debug|Any CPU.Build.0 = Debug|Any CPU
		{ABBEAC01-8949-42C8-BFB6-925086354942}.Release|Any CPU.ActiveCfg = Release|Any CPU
		{ABBEAC01-8949-42C8-BFB6-925086354942}.Release|Any CPU.Build.0 = Release|Any CPU
	EndGlobalSection
	GlobalSection(SolutionProperties) = preSolution
		HideSolutionNode = FALSE
	EndGlobalSection
	GlobalSection(ExtensibilityGlobals) = postSolution
		SolutionGuid = {B95928C3-2732-4A09-9104-A78631CD4614}
	EndGlobalSection
EndGlobal
